{
  "name": "bhaisort",
  "lockfileVersion": 3,
  "requires": true,
  "packages": {
    "": {
      "dependencies": {
        "bhai-lang": "github:aditya87/bhai-lang#aadi-arrays"
      }
    },
    "node_modules/bhai-lang": {
      "version": "0.0.1",
      "resolved": "git+ssh://git@github.com/aditya87/bhai-lang.git#0270adbc7c543c3c2cad600d285c154160f68f0a",
      "workspaces": [
        "apps/*",
        "packages/*"
      ],
      "engines": {
        "node": ">=14.0.0",
        "npm": ">=7.0.0"
      }
    }
  }
}
